// !$*UTF8*$!
{
	archiveVersion = 1;
	classes = {
	};
	objectVersion = 56;
	objects = {

/* Begin PBXBuildFile section */
		4A0C02AE2A625EB100266C02 /* AppDelegate.swift in Sources */ = {isa = PBXBuildFile; fileRef = 4A0C02AD2A625EB100266C02 /* AppDelegate.swift */; };
		4A0C02B02A625EB100266C02 /* SceneDelegate.swift in Sources */ = {isa = PBXBuildFile; fileRef = 4A0C02AF2A625EB100266C02 /* SceneDelegate.swift */; };
		4A0C02B22A625EB100266C02 /* ViewController.swift in Sources */ = {isa = PBXBuildFile; fileRef = 4A0C02B12A625EB100266C02 /* ViewController.swift */; };
		4A0C02B52A625EB100266C02 /* Main.storyboard in Resources */ = {isa = PBXBuildFile; fileRef = 4A0C02B32A625EB100266C02 /* Main.storyboard */; };
		4A0C02B72A625EB100266C02 /* Assets.xcassets in Resources */ = {isa = PBXBuildFile; fileRef = 4A0C02B62A625EB100266C02 /* Assets.xcassets */; };
		4A0C02BA2A625EB100266C02 /* LaunchScreen.storyboard in Resources */ = {isa = PBXBuildFile; fileRef = 4A0C02B82A625EB100266C02 /* LaunchScreen.storyboard */; };
		4A0C02C52A625EB200266C02 /* ExMainThreadTests.swift in Sources */ = {isa = PBXBuildFile; fileRef = 4A0C02C42A625EB200266C02 /* ExMainThreadTests.swift */; };
		4A0C02CF2A625EB200266C02 /* ExMainThreadUITests.swift in Sources */ = {isa = PBXBuildFile; fileRef = 4A0C02CE2A625EB200266C02 /* ExMainThreadUITests.swift */; };
		4A0C02D12A625EB200266C02 /* ExMainThreadUITestsLaunchTests.swift in Sources */ = {isa = PBXBuildFile; fileRef = 4A0C02D02A625EB200266C02 /* ExMainThreadUITestsLaunchTests.swift */; };
/* End PBXBuildFile section */

/* Begin PBXContainerItemProxy section */
		4A0C02C12A625EB100266C02 /* PBXContainerItemProxy */ = {
			isa = PBXContainerItemProxy;
			containerPortal = 4A0C02A22A625EB000266C02 /* Project object */;
			proxyType = 1;
			remoteGlobalIDString = 4A0C02A92A625EB000266C02;
			remoteInfo = ExMainThread;
		};
		4A0C02CB2A625EB200266C02 /* PBXContainerItemProxy */ = {
			isa = PBXContainerItemProxy;
			containerPortal = 4A0C02A22A625EB000266C02 /* Project object */;
			proxyType = 1;
			remoteGlobalIDString = 4A0C02A92A625EB000266C02;
			remoteInfo = ExMainThread;
		};
/* End PBXContainerItemProxy section */

/* Begin PBXFileReference section */
		4A0C02AA2A625EB100266C02 /* ExMainThread.app */ = {isa = PBXFileReference; explicitFileType = wrapper.application; includeInIndex = 0; path = ExMainThread.app; sourceTree = BUILT_PRODUCTS_DIR; };
		4A0C02AD2A625EB100266C02 /* AppDelegate.swift */ = {isa = PBXFileReference; lastKnownFileType = sourcecode.swift; path = AppDelegate.swift; sourceTree = "<group>"; };
		4A0C02AF2A625EB100266C02 /* SceneDelegate.swift */ = {isa = PBXFileReference; lastKnownFileType = sourcecode.swift; path = SceneDelegate.swift; sourceTree = "<group>"; };
		4A0C02B12A625EB100266C02 /* ViewController.swift */ = {isa = PBXFileReference; lastKnownFileType = sourcecode.swift; path = ViewController.swift; sourceTree = "<group>"; };
		4A0C02B42A625EB100266C02 /* Base */ = {isa = PBXFileReference; lastKnownFileType = file.storyboard; name = Base; path = Base.lproj/Main.storyboard; sourceTree = "<group>"; };
		4A0C02B62A625EB100266C02 /* Assets.xcassets */ = {isa = PBXFileReference; lastKnownFileType = folder.assetcatalog; path = Assets.xcassets; sourceTree = "<group>"; };
		4A0C02B92A625EB100266C02 /* Base */ = {isa = PBXFileReference; lastKnownFileType = file.storyboard; name = Base; path = Base.lproj/LaunchScreen.storyboard; sourceTree = "<group>"; };
		4A0C02BB2A625EB100266C02 /* Info.plist */ = {isa = PBXFileReference; lastKnownFileType = text.plist.xml; path = Info.plist; sourceTree = "<group>"; };
		4A0C02C02A625EB100266C02 /* ExMainThreadTests.xctest */ = {isa = PBXFileReference; explicitFileType = wrapper.cfbundle; includeInIndex = 0; path = ExMainThreadTests.xctest; sourceTree = BUILT_PRODUCTS_DIR; };
		4A0C02C42A625EB200266C02 /* ExMainThreadTests.swift */ = {isa = PBXFileReference; lastKnownFileType = sourcecode.swift; path = ExMainThreadTests.swift; sourceTree = "<group>"; };
		4A0C02CA2A625EB200266C02 /* ExMainThreadUITests.xctest */ = {isa = PBXFileReference; explicitFileType = wrapper.cfbundle; includeInIndex = 0; path = ExMainThreadUITests.xctest; sourceTree = BUILT_PRODUCTS_DIR; };
		4A0C02CE2A625EB200266C02 /* ExMainThreadUITests.swift */ = {isa = PBXFileReference; lastKnownFileType = sourcecode.swift; path = ExMainThreadUITests.swift; sourceTree = "<group>"; };
		4A0C02D02A625EB200266C02 /* ExMainThreadUITestsLaunchTests.swift */ = {isa = PBXFileReference; lastKnownFileType = sourcecode.swift; path = ExMainThreadUITestsLaunchTests.swift; sourceTree = "<group>"; };
/* End PBXFileReference section */

/* Begin PBXFrameworksBuildPhase section */
		4A0C02A72A625EB000266C02 /* Frameworks */ = {
			isa = PBXFrameworksBuildPhase;
			buildActionMask = 2147483647;
			files = (
			);
			runOnlyForDeploymentPostprocessing = 0;
		};
		4A0C02BD2A625EB100266C02 /* Frameworks */ = {
			isa = PBXFrameworksBuildPhase;
			buildActionMask = 2147483647;
			files = (
			);
			runOnlyForDeploymentPostprocessing = 0;
		};
		4A0C02C72A625EB200266C02 /* Frameworks */ = {
			isa = PBXFrameworksBuildPhase;
			buildActionMask = 2147483647;
			files = (
			);
			runOnlyForDeploymentPostprocessing = 0;
		};
/* End PBXFrameworksBuildPhase section */

/* Begin PBXGroup section */
		4A0C02A12A625EB000266C02 = {
			isa = PBXGroup;
			children = (
				4A0C02AC2A625EB100266C02 /* ExMainThread */,
				4A0C02C32A625EB200266C02 /* ExMainThreadTests */,
				4A0C02CD2A625EB200266C02 /* ExMainThreadUITests */,
				4A0C02AB2A625EB100266C02 /* Products */,
			);
			sourceTree = "<group>";
		};
		4A0C02AB2A625EB100266C02 /* Products */ = {
			isa = PBXGroup;
			children = (
				4A0C02AA2A625EB100266C02 /* ExMainThread.app */,
				4A0C02C02A625EB100266C02 /* ExMainThreadTests.xctest */,
				4A0C02CA2A625EB200266C02 /* ExMainThreadUITests.xctest */,
			);
			name = Products;
			sourceTree = "<group>";
		};
		4A0C02AC2A625EB100266C02 /* ExMainThread */ = {
			isa = PBXGroup;
			children = (
				4A0C02AD2A625EB100266C02 /* AppDelegate.swift */,
				4A0C02AF2A625EB100266C02 /* SceneDelegate.swift */,
				4A0C02B12A625EB100266C02 /* ViewController.swift */,
				4A0C02B32A625EB100266C02 /* Main.storyboard */,
				4A0C02B62A625EB100266C02 /* Assets.xcassets */,
				4A0C02B82A625EB100266C02 /* LaunchScreen.storyboard */,
				4A0C02BB2A625EB100266C02 /* Info.plist */,
			);
			path = ExMainThread;
			sourceTree = "<group>";
		};
		4A0C02C32A625EB200266C02 /* ExMainThreadTests */ = {
			isa = PBXGroup;
			children = (
				4A0C02C42A625EB200266C02 /* ExMainThreadTests.swift */,
			);
			path = ExMainThreadTests;
			sourceTree = "<group>";
		};
		4A0C02CD2A625EB200266C02 /* ExMainThreadUITests */ = {
			isa = PBXGroup;
			children = (
				4A0C02CE2A625EB200266C02 /* ExMainThreadUITests.swift */,
				4A0C02D02A625EB200266C02 /* ExMainThreadUITestsLaunchTests.swift */,
			);
			path = ExMainThreadUITests;
			sourceTree = "<group>";
		};
/* End PBXGroup section */

/* Begin PBXNativeTarget section */
		4A0C02A92A625EB000266C02 /* ExMainThread */ = {
			isa = PBXNativeTarget;
			buildConfigurationList = 4A0C02D42A625EB200266C02 /* Build configuration list for PBXNativeTarget "ExMainThread" */;
			buildPhases = (
				4A0C02A62A625EB000266C02 /* Sources */,
				4A0C02A72A625EB000266C02 /* Frameworks */,
				4A0C02A82A625EB000266C02 /* Resources */,
			);
			buildRules = (
			);
			dependencies = (
			);
			name = ExMainThread;
			productName = ExMainThread;
			productReference = 4A0C02AA2A625EB100266C02 /* ExMainThread.app */;
			productType = "com.apple.product-type.application";
		};
		4A0C02BF2A625EB100266C02 /* ExMainThreadTests */ = {
			isa = PBXNativeTarget;
			buildConfigurationList = 4A0C02D72A625EB200266C02 /* Build configuration list for PBXNativeTarget "ExMainThreadTests" */;
			buildPhases = (
				4A0C02BC2A625EB100266C02 /* Sources */,
				4A0C02BD2A625EB100266C02 /* Frameworks */,
				4A0C02BE2A625EB100266C02 /* Resources */,
			);
			buildRules = (
			);
			dependencies = (
				4A0C02C22A625EB100266C02 /* PBXTargetDependency */,
			);
			name = ExMainThreadTests;
			productName = ExMainThreadTests;
			productReference = 4A0C02C02A625EB100266C02 /* ExMainThreadTests.xctest */;
			productType = "com.apple.product-type.bundle.unit-test";
		};
		4A0C02C92A625EB200266C02 /* ExMainThreadUITests */ = {
			isa = PBXNativeTarget;
			buildConfigurationList = 4A0C02DA2A625EB200266C02 /* Build configuration list for PBXNativeTarget "ExMainThreadUITests" */;
			buildPhases = (
				4A0C02C62A625EB200266C02 /* Sources */,
				4A0C02C72A625EB200266C02 /* Frameworks */,
				4A0C02C82A625EB200266C02 /* Resources */,
			);
			buildRules = (
			);
			dependencies = (
				4A0C02CC2A625EB200266C02 /* PBXTargetDependency */,
			);
			name = ExMainThreadUITests;
			productName = ExMainThreadUITests;
			productReference = 4A0C02CA2A625EB200266C02 /* ExMainThreadUITests.xctest */;
			productType = "com.apple.product-type.bundle.ui-testing";
		};
/* End PBXNativeTarget section */

/* Begin PBXProject section */
		4A0C02A22A625EB000266C02 /* Project object */ = {
			isa = PBXProject;
			attributes = {
				BuildIndependentTargetsInParallel = 1;
				LastSwiftUpdateCheck = 1430;
				LastUpgradeCheck = 1430;
				TargetAttributes = {
					4A0C02A92A625EB000266C02 = {
						CreatedOnToolsVersion = 14.3.1;
					};
					4A0C02BF2A625EB100266C02 = {
						CreatedOnToolsVersion = 14.3.1;
						TestTargetID = 4A0C02A92A625EB000266C02;
					};
					4A0C02C92A625EB200266C02 = {
						CreatedOnToolsVersion = 14.3.1;
						TestTargetID = 4A0C02A92A625EB000266C02;
					};
				};
			};
			buildConfigurationList = 4A0C02A52A625EB000266C02 /* Build configuration list for PBXProject "ExMainThread" */;
			compatibilityVersion = "Xcode 14.0";
			developmentRegion = en;
			hasScannedForEncodings = 0;
			knownRegions = (
				en,
				Base,
			);
			mainGroup = 4A0C02A12A625EB000266C02;
			productRefGroup = 4A0C02AB2A625EB100266C02 /* Products */;
			projectDirPath = "";
			projectRoot = "";
			targets = (
				4A0C02A92A625EB000266C02 /* ExMainThread */,
				4A0C02BF2A625EB100266C02 /* ExMainThreadTests */,
				4A0C02C92A625EB200266C02 /* ExMainThreadUITests */,
			);
		};
/* End PBXProject section */

/* Begin PBXResourcesBuildPhase section */
		4A0C02A82A625EB000266C02 /* Resources */ = {
			isa = PBXResourcesBuildPhase;
			buildActionMask = 2147483647;
			files = (
				4A0C02BA2A625EB100266C02 /* LaunchScreen.storyboard in Resources */,
				4A0C02B72A625EB100266C02 /* Assets.xcassets in Resources */,
				4A0C02B52A625EB100266C02 /* Main.storyboard in Resources */,
			);
			runOnlyForDeploymentPostprocessing = 0;
		};
		4A0C02BE2A625EB100266C02 /* Resources */ = {
			isa = PBXResourcesBuildPhase;
			buildActionMask = 2147483647;
			files = (
			);
			runOnlyForDeploymentPostprocessing = 0;
		};
		4A0C02C82A625EB200266C02 /* Resources */ = {
			isa = PBXResourcesBuildPhase;
			buildActionMask = 2147483647;
			files = (
			);
			runOnlyForDeploymentPostprocessing = 0;
		};
/* End PBXResourcesBuildPhase section */

/* Begin PBXSourcesBuildPhase section */
		4A0C02A62A625EB000266C02 /* Sources */ = {
			isa = PBXSourcesBuildPhase;
			buildActionMask = 2147483647;
			files = (
				4A0C02B22A625EB100266C02 /* ViewController.swift in Sources */,
				4A0C02AE2A625EB100266C02 /* AppDelegate.swift in Sources */,
				4A0C02B02A625EB100266C02 /* SceneDelegate.swift in Sources */,
			);
			runOnlyForDeploymentPostprocessing = 0;
		};
		4A0C02BC2A625EB100266C02 /* Sources */ = {
			isa = PBXSourcesBuildPhase;
			buildActionMask = 2147483647;
			files = (
				4A0C02C52A625EB200266C02 /* ExMainThreadTests.swift in Sources */,
			);
			runOnlyForDeploymentPostprocessing = 0;
		};
		4A0C02C62A625EB200266C02 /* Sources */ = {
			isa = PBXSourcesBuildPhase;
			buildActionMask = 2147483647;
			files = (
				4A0C02D12A625EB200266C02 /* ExMainThreadUITestsLaunchTests.swift in Sources */,
				4A0C02CF2A625EB200266C02 /* ExMainThreadUITests.swift in Sources */,
			);
			runOnlyForDeploymentPostprocessing = 0;
		};
/* End PBXSourcesBuildPhase section */

/* Begin PBXTargetDependency section */
		4A0C02C22A625EB100266C02 /* PBXTargetDependency */ = {
			isa = PBXTargetDependency;
			target = 4A0C02A92A625EB000266C02 /* ExMainThread */;
			targetProxy = 4A0C02C12A625EB100266C02 /* PBXContainerItemProxy */;
		};
		4A0C02CC2A625EB200266C02 /* PBXTargetDependency */ = {
			isa = PBXTargetDependency;
			target = 4A0C02A92A625EB000266C02 /* ExMainThread */;
			targetProxy = 4A0C02CB2A625EB200266C02 /* PBXContainerItemProxy */;
		};
/* End PBXTargetDependency section */

/* Begin PBXVariantGroup section */
		4A0C02B32A625EB100266C02 /* Main.storyboard */ = {
			isa = PBXVariantGroup;
			children = (
				4A0C02B42A625EB100266C02 /* Base */,
			);
			name = Main.storyboard;
			sourceTree = "<group>";
		};
		4A0C02B82A625EB100266C02 /* LaunchScreen.storyboard */ = {
			isa = PBXVariantGroup;
			children = (
				4A0C02B92A625EB100266C02 /* Base */,
			);
			name = LaunchScreen.storyboard;
			sourceTree = "<group>";
		};
/* End PBXVariantGroup section */

/* Begin XCBuildConfiguration section */
		4A0C02D22A625EB200266C02 /* Debug */ = {
			isa = XCBuildConfiguration;
			buildSettings = {
				ALWAYS_SEARCH_USER_PATHS = NO;
				CLANG_ANALYZER_NONNULL = YES;
				CLANG_ANALYZER_NUMBER_OBJECT_CONVERSION = YES_AGGRESSIVE;
				CLANG_CXX_LANGUAGE_STANDARD = "gnu++20";
				CLANG_ENABLE_MODULES = YES;
				CLANG_ENABLE_OBJC_ARC = YES;
				CLANG_ENABLE_OBJC_WEAK = YES;
				CLANG_WARN_BLOCK_CAPTURE_AUTORELEASING = YES;
				CLANG_WARN_BOOL_CONVERSION = YES;
				CLANG_WARN_COMMA = YES;
				CLANG_WARN_CONSTANT_CONVERSION = YES;
				CLANG_WARN_DEPRECATED_OBJC_IMPLEMENTATIONS = YES;
				CLANG_WARN_DIRECT_OBJC_ISA_USAGE = YES_ERROR;
				CLANG_WARN_DOCUMENTATION_COMMENTS = YES;
				CLANG_WARN_EMPTY_BODY = YES;
				CLANG_WARN_ENUM_CONVERSION = YES;
				CLANG_WARN_INFINITE_RECURSION = YES;
				CLANG_WARN_INT_CONVERSION = YES;
				CLANG_WARN_NON_LITERAL_NULL_CONVERSION = YES;
				CLANG_WARN_OBJC_IMPLICIT_RETAIN_SELF = YES;
				CLANG_WARN_OBJC_LITERAL_CONVERSION = YES;
				CLANG_WARN_OBJC_ROOT_CLASS = YES_ERROR;
				CLANG_WARN_QUOTED_INCLUDE_IN_FRAMEWORK_HEADER = YES;
				CLANG_WARN_RANGE_LOOP_ANALYSIS = YES;
				CLANG_WARN_STRICT_PROTOTYPES = YES;
				CLANG_WARN_SUSPICIOUS_MOVE = YES;
				CLANG_WARN_UNGUARDED_AVAILABILITY = YES_AGGRESSIVE;
				CLANG_WARN_UNREACHABLE_CODE = YES;
				CLANG_WARN__DUPLICATE_METHOD_MATCH = YES;
				COPY_PHASE_STRIP = NO;
				DEBUG_INFORMATION_FORMAT = dwarf;
				ENABLE_STRICT_OBJC_MSGSEND = YES;
				ENABLE_TESTABILITY = YES;
				GCC_C_LANGUAGE_STANDARD = gnu11;
				GCC_DYNAMIC_NO_PIC = NO;
				GCC_NO_COMMON_BLOCKS = YES;
				GCC_OPTIMIZATION_LEVEL = 0;
				GCC_PREPROCESSOR_DEFINITIONS = (
					"DEBUG=1",
					"$(inherited)",
				);
				GCC_WARN_64_TO_32_BIT_CONVERSION = YES;
				GCC_WARN_ABOUT_RETURN_TYPE = YES_ERROR;
				GCC_WARN_UNDECLARED_SELECTOR = YES;
				GCC_WARN_UNINITIALIZED_AUTOS = YES_AGGRESSIVE;
				GCC_WARN_UNUSED_FUNCTION = YES;
				GCC_WARN_UNUSED_VARIABLE = YES;
				IPHONEOS_DEPLOYMENT_TARGET = 16.4;
				MTL_ENABLE_DEBUG_INFO = INCLUDE_SOURCE;
				MTL_FAST_MATH = YES;
				ONLY_ACTIVE_ARCH = YES;
				SDKROOT = iphoneos;
				SWIFT_ACTIVE_COMPILATION_CONDITIONS = DEBUG;
				SWIFT_OPTIMIZATION_LEVEL = "-Onone";
			};
			name = Debug;
		};
		4A0C02D32A625EB200266C02 /* Release */ = {
			isa = XCBuildConfiguration;
			buildSettings = {
				ALWAYS_SEARCH_USER_PATHS = NO;
				CLANG_ANALYZER_NONNULL = YES;
				CLANG_ANALYZER_NUMBER_OBJECT_CONVERSION = YES_AGGRESSIVE;
				CLANG_CXX_LANGUAGE_STANDARD = "gnu++20";
				CLANG_ENABLE_MODULES = YES;
				CLANG_ENABLE_OBJC_ARC = YES;
				CLANG_ENABLE_OBJC_WEAK = YES;
				CLANG_WARN_BLOCK_CAPTURE_AUTORELEASING = YES;
				CLANG_WARN_BOOL_CONVERSION = YES;
				CLANG_WARN_COMMA = YES;
				CLANG_WARN_CONSTANT_CONVERSION = YES;
				CLANG_WARN_DEPRECATED_OBJC_IMPLEMENTATIONS = YES;
				CLANG_WARN_DIRECT_OBJC_ISA_USAGE = YES_ERROR;
				CLANG_WARN_DOCUMENTATION_COMMENTS = YES;
				CLANG_WARN_EMPTY_BODY = YES;
				CLANG_WARN_ENUM_CONVERSION = YES;
				CLANG_WARN_INFINITE_RECURSION = YES;
				CLANG_WARN_INT_CONVERSION = YES;
				CLANG_WARN_NON_LITERAL_NULL_CONVERSION = YES;
				CLANG_WARN_OBJC_IMPLICIT_RETAIN_SELF = YES;
				CLANG_WARN_OBJC_LITERAL_CONVERSION = YES;
				CLANG_WARN_OBJC_ROOT_CLASS = YES_ERROR;
				CLANG_WARN_QUOTED_INCLUDE_IN_FRAMEWORK_HEADER = YES;
				CLANG_WARN_RANGE_LOOP_ANALYSIS = YES;
				CLANG_WARN_STRICT_PROTOTYPES = YES;
				CLANG_WARN_SUSPICIOUS_MOVE = YES;
				CLANG_WARN_UNGUARDED_AVAILABILITY = YES_AGGRESSIVE;
				CLANG_WARN_UNREACHABLE_CODE = YES;
				CLANG_WARN__DUPLICATE_METHOD_MATCH = YES;
				COPY_PHASE_STRIP = NO;
				DEBUG_INFORMATION_FORMAT = "dwarf-with-dsym";
				ENABLE_NS_ASSERTIONS = NO;
				ENABLE_STRICT_OBJC_MSGSEND = YES;
				GCC_C_LANGUAGE_STANDARD = gnu11;
				GCC_NO_COMMON_BLOCKS = YES;
				GCC_WARN_64_TO_32_BIT_CONVERSION = YES;
				GCC_WARN_ABOUT_RETURN_TYPE = YES_ERROR;
				GCC_WARN_UNDECLARED_SELECTOR = YES;
				GCC_WARN_UNINITIALIZED_AUTOS = YES_AGGRESSIVE;
				GCC_WARN_UNUSED_FUNCTION = YES;
				GCC_WARN_UNUSED_VARIABLE = YES;
				IPHONEOS_DEPLOYMENT_TARGET = 16.4;
				MTL_ENABLE_DEBUG_INFO = NO;
				MTL_FAST_MATH = YES;
				SDKROOT = iphoneos;
				SWIFT_COMPILATION_MODE = wholemodule;
				SWIFT_OPTIMIZATION_LEVEL = "-O";
				VALIDATE_PRODUCT = YES;
			};
			name = Release;
		};
		4A0C02D52A625EB200266C02 /* Debug */ = {
			isa = XCBuildConfiguration;
			buildSettings = {
				ASSETCATALOG_COMPILER_APPICON_NAME = AppIcon;
				ASSETCATALOG_COMPILER_GLOBAL_ACCENT_COLOR_NAME = AccentColor;
				CODE_SIGN_STYLE = Automatic;
				CURRENT_PROJECT_VERSION = 1;
				DEVELOPMENT_TEAM = SS7U83UJNK;
				GENERATE_INFOPLIST_FILE = YES;
				INFOPLIST_FILE = ExMainThread/Info.plist;
				INFOPLIST_KEY_UIApplicationSupportsIndirectInputEvents = YES;
				INFOPLIST_KEY_UILaunchStoryboardName = LaunchScreen;
				INFOPLIST_KEY_UIMainStoryboardFile = Main;
				INFOPLIST_KEY_UISupportedInterfaceOrientations_iPad = "UIInterfaceOrientationPortrait UIInterfaceOrientationPortraitUpsideDown UIInterfaceOrientationLandscapeLeft UIInterfaceOrientationLandscapeRight";
				INFOPLIST_KEY_UISupportedInterfaceOrientations_iPhone = "UIInterfaceOrientationPortrait UIInterfaceOrientationLandscapeLeft UIInterfaceOrientationLandscapeRight";
				LD_RUNPATH_SEARCH_PATHS = (
					"$(inherited)",
					"@executable_path/Frameworks",
				);
				MARKETING_VERSION = 1.0;
				PRODUCT_BUNDLE_IDENTIFIER = com.jake.ExMainThread;
				PRODUCT_NAME = "$(TARGET_NAME)";
				SWIFT_EMIT_LOC_STRINGS = YES;
				SWIFT_VERSION = 5.0;
				TARGETED_DEVICE_FAMILY = "1,2";
			};
			name = Debug;
		};
		4A0C02D62A625EB200266C02 /* Release */ = {
			isa = XCBuildConfiguration;
			buildSettings = {
				ASSETCATALOG_COMPILER_APPICON_NAME = AppIcon;
				ASSETCATALOG_COMPILER_GLOBAL_ACCENT_COLOR_NAME = AccentColor;
				CODE_SIGN_STYLE = Automatic;
				CURRENT_PROJECT_VERSION = 1;
				DEVELOPMENT_TEAM = SS7U83UJNK;
				GENERATE_INFOPLIST_FILE = YES;
				INFOPLIST_FILE = ExMainThread/Info.plist;
				INFOPLIST_KEY_UIApplicationSupportsIndirectInputEvents = YES;
				INFOPLIST_KEY_UILaunchStoryboardName = LaunchScreen;
				INFOPLIST_KEY_UIMainStoryboardFile = Main;
				INFOPLIST_KEY_UISupportedInterfaceOrientations_iPad = "UIInterfaceOrientationPortrait UIInterfaceOrientationPortraitUpsideDown UIInterfaceOrientationLandscapeLeft UIInterfaceOrientationLandscapeRight";
				INFOPLIST_KEY_UISupportedInterfaceOrientations_iPhone = "UIInterfaceOrientationPortrait UIInterfaceOrientationLandscapeLeft UIInterfaceOrientationLandscapeRight";
				LD_RUNPATH_SEARCH_PATHS = (
					"$(inherited)",
					"@executable_path/Frameworks",
				);
				MARKETING_VERSION = 1.0;
				PRODUCT_BUNDLE_IDENTIFIER = com.jake.ExMainThread;
				PRODUCT_NAME = "$(TARGET_NAME)";
				SWIFT_EMIT_LOC_STRINGS = YES;
				SWIFT_VERSION = 5.0;
				TARGETED_DEVICE_FAMILY = "1,2";
			};
			name = Release;
		};
		4A0C02D82A625EB200266C02 /* Debug */ = {
			isa = XCBuildConfiguration;
			buildSettings = {
				ALWAYS_EMBED_SWIFT_STANDARD_LIBRARIES = YES;
				BUNDLE_LOADER = "$(TEST_HOST)";
				CODE_SIGN_STYLE = Automatic;
				CURRENT_PROJECT_VERSION = 1;
				DEVELOPMENT_TEAM = SS7U83UJNK;
				GENERATE_INFOPLIST_FILE = YES;
				IPHONEOS_DEPLOYMENT_TARGET = 16.4;
				MARKETING_VERSION = 1.0;
				PRODUCT_BUNDLE_IDENTIFIER = com.jake.ExMainThreadTests;
				PRODUCT_NAME = "$(TARGET_NAME)";
				SWIFT_EMIT_LOC_STRINGS = NO;
				SWIFT_VERSION = 5.0;
				TARGETED_DEVICE_FAMILY = "1,2";
				TEST_HOST = "$(BUILT_PRODUCTS_DIR)/ExMainThread.app/$(BUNDLE_EXECUTABLE_FOLDER_PATH)/ExMainThread";
			};
			name = Debug;
		};
		4A0C02D92A625EB200266C02 /* Release */ = {
			isa = XCBuildConfiguration;
			buildSettings = {
				ALWAYS_EMBED_SWIFT_STANDARD_LIBRARIES = YES;
				BUNDLE_LOADER = "$(TEST_HOST)";
				CODE_SIGN_STYLE = Automatic;
				CURRENT_PROJECT_VERSION = 1;
				DEVELOPMENT_TEAM = SS7U83UJNK;
				GENERATE_INFOPLIST_FILE = YES;
				IPHONEOS_DEPLOYMENT_TARGET = 16.4;
				MARKETING_VERSION = 1.0;
				PRODUCT_BUNDLE_IDENTIFIER = com.jake.ExMainThreadTests;
				PRODUCT_NAME = "$(TARGET_NAME)";
				SWIFT_EMIT_LOC_STRINGS = NO;
				SWIFT_VERSION = 5.0;
				TARGETED_DEVICE_FAMILY = "1,2";
				TEST_HOST = "$(BUILT_PRODUCTS_DIR)/ExMainThread.app/$(BUNDLE_EXECUTABLE_FOLDER_PATH)/ExMainThread";
			};
			name = Release;
		};
		4A0C02DB2A625EB200266C02 /* Debug */ = {
			isa = XCBuildConfiguration;
			buildSettings = {
				ALWAYS_EMBED_SWIFT_STANDARD_LIBRARIES = YES;
				CODE_SIGN_STYLE = Automatic;
				CURRENT_PROJECT_VERSION = 1;
				DEVELOPMENT_TEAM = SS7U83UJNK;
				GENERATE_INFOPLIST_FILE = YES;
				MARKETING_VERSION = 1.0;
				PRODUCT_BUNDLE_IDENTIFIER = com.jake.ExMainThreadUITests;
				PRODUCT_NAME = "$(TARGET_NAME)";
				SWIFT_EMIT_LOC_STRINGS = NO;
				SWIFT_VERSION = 5.0;
				TARGETED_DEVICE_FAMILY = "1,2";
				TEST_TARGET_NAME = ExMainThread;
			};
			name = Debug;
		};
		4A0C02DC2A625EB200266C02 /* Release */ = {
			isa = XCBuildConfiguration;
			buildSettings = {
				ALWAYS_EMBED_SWIFT_STANDARD_LIBRARIES = YES;
				CODE_SIGN_STYLE = Automatic;
				CURRENT_PROJECT_VERSION = 1;
				DEVELOPMENT_TEAM = SS7U83UJNK;
				GENERATE_INFOPLIST_FILE = YES;
				MARKETING_VERSION = 1.0;
				PRODUCT_BUNDLE_IDENTIFIER = com.jake.ExMainThreadUITests;
				PRODUCT_NAME = "$(TARGET_NAME)";
				SWIFT_EMIT_LOC_STRINGS = NO;
				SWIFT_VERSION = 5.0;
				TARGETED_DEVICE_FAMILY = "1,2";
				TEST_TARGET_NAME = ExMainThread;
			};
			name = Release;
		};
/* End XCBuildConfiguration section */

/* Begin XCConfigurationList section */
		4A0C02A52A625EB000266C02 /* Build configuration list for PBXProject "ExMainThread" */ = {
			isa = XCConfigurationList;
			buildConfigurations = (
				4A0C02D22A625EB200266C02 /* Debug */,
				4A0C02D32A625EB200266C02 /* Release */,
			);
			defaultConfigurationIsVisible = 0;
			defaultConfigurationName = Release;
		};
		4A0C02D42A625EB200266C02 /* Build configuration list for PBXNativeTarget "ExMainThread" */ = {
			isa = XCConfigurationList;
			buildConfigurations = (
				4A0C02D52A625EB200266C02 /* Debug */,
				4A0C02D62A625EB200266C02 /* Release */,
			);
			defaultConfigurationIsVisible = 0;
			defaultConfigurationName = Release;
		};
		4A0C02D72A625EB200266C02 /* Build configuration list for PBXNativeTarget "ExMainThreadTests" */ = {
			isa = XCConfigurationList;
			buildConfigurations = (
				4A0C02D82A625EB200266C02 /* Debug */,
				4A0C02D92A625EB200266C02 /* Release */,
			);
			defaultConfigurationIsVisible = 0;
			defaultConfigurationName = Release;
		};
		4A0C02DA2A625EB200266C02 /* Build configuration list for PBXNativeTarget "ExMainThreadUITests" */ = {
			isa = XCConfigurationList;
			buildConfigurations = (
				4A0C02DB2A625EB200266C02 /* Debug */,
				4A0C02DC2A625EB200266C02 /* Release */,
			);
			defaultConfigurationIsVisible = 0;
			defaultConfigurationName = Release;
		};
/* End XCConfigurationList section */
	};
	rootObject = 4A0C02A22A625EB000266C02 /* Project object */;
}
